
Microsoft Visual Studio Solution File, Format Version 12.00
# Visual Studio Version 16
VisualStudioVersion = 16.0.29920.165
MinimumVisualStudioVersion = 10.0.40219.1
Project("{FAE04EC0-301F-11D3-BF4B-00C04F79EFBC}") = "WebApplication2", "WebApplication2\WebApplication2.csproj", "{3A5B1867-081D-481D-A90D-E15411C1453D}"
EndProject
Global
	GlobalSection(SolutionConfigurationPlatforms) = preSolution
		Debug|Any CPU = Debug|Any CPU
		Release|Any CPU = Release|Any CPU
	EndGlobalSection
	GlobalSection(ProjectConfigurationPlatforms) = postSolution
		{3A5B1867-081D-481D-A90D-E15411C1453D}.Debug|Any CPU.ActiveCfg = Debug|Any CPU
		{3A5B1867-081D-481D-A90D-E15411C1453D}.Debug|Any CPU.Build.0 = Debug|Any CPU
		{3A5B1867-081D-481D-A90D-E15411C1453D}.Release|Any CPU.ActiveCfg = Release|Any CPU
		{3A5B1867-081D-481D-A90D-E15411C1453D}.Release|Any CPU.Build.0 = Release|Any CPU
	EndGlobalSection
	GlobalSection(SolutionProperties) = preSolution
		HideSolutionNode = FALSE
	EndGlobalSection
	GlobalSection(ExtensibilityGlobals) = postSolution
		SolutionGuid = {9B146F61-2D49-43C8-B212-CEB9E3023402}
	EndGlobalSection
EndGlobal
